
Microsoft Visual Studio Solution File, Format Version 12.00
# Visual Studio Version 16
VisualStudioVersion = 16.0.31702.278
MinimumVisualStudioVersion = 10.0.40219.1
Project("{FAE04EC0-301F-11D3-BF4B-00C04F79EFBC}") = "MultiplicatoryMegaMakingMachine", "MultiplicatoryMegaMakingMachine.csproj", "{17477A28-A12A-4309-89A9-52ACC1984AD8}"
EndProject
Global
	GlobalSection(SolutionConfigurationPlatforms) = preSolution
		Debug|Any CPU = Debug|Any CPU
		Release|Any CPU = Release|Any CPU
	EndGlobalSection
	GlobalSection(ProjectConfigurationPlatforms) = postSolution
		{17477A28-A12A-4309-89A9-52ACC1984AD8}.Debug|Any CPU.ActiveCfg = Debug|Any CPU
		{17477A28-A12A-4309-89A9-52ACC1984AD8}.Debug|Any CPU.Build.0 = Debug|Any CPU
		{17477A28-A12A-4309-89A9-52ACC1984AD8}.Release|Any CPU.ActiveCfg = Release|Any CPU
		{17477A28-A12A-4309-89A9-52ACC1984AD8}.Release|Any CPU.Build.0 = Release|Any CPU
	EndGlobalSection
	GlobalSection(SolutionProperties) = preSolution
		HideSolutionNode = FALSE
	EndGlobalSection
	GlobalSection(ExtensibilityGlobals) = postSolution
		SolutionGuid = {82C3825F-8381-4DF3-9DA1-868A4844BCE5}
	EndGlobalSection
EndGlobal
